popup_lock:
  sequence:
    service: browser_mod.popup
    data_template:
      title: Lock Info
      card:
        type: vertical-stack
        cards:
          - type: glance
            entities:
              - sensor.last_lock_code_name
              - sensor.schlage_camelot_battery
          - type: glance
            entities:
              - entity: device_tracker.neil
                tap_action: more-info
              - entity: device_tracker.gina
                tap_action: more-info
              - entity: device_tracker.parents
                tap_action: more-info
              - entity: device_tracker.butters
                tap_action: more-info
          - type: entities
            entities:
              - entity: input_number.autolock_delay
          - type: history-graph
            title: Last Lock Codee"
            entities:
              - sensor.last_lock_code_name
              - switch.parents_lock_code
              - switch.temp_lock_code
          - type: history-graph
            title: Lock
            entities:
              - lock.schlage_camelot_99

popup_lock_temp_code:
  sequence:
    service: browser_mod.popup
    data_template:
      title: Set Temp Code
      card:
        type: entities
        entities:
          - entity: input_number.lock_code_temp
        #type: vertical-stack
        #cards:
          #- type: custom:scheduler-card
            #am_pm: true
            #time_step: 30
            #standard_configuration: false
            #discover_existing: true
            #entities: 
              #switch.temp_lock_code:
                #icon: mdi:timer
                #name: "How Long?"
                #actions:
                  #- service: turn_off
                    #name: "Deleting the Code then"
