  - platform: mqtt
    name: Schlage Camelot
    state_topic: "smartthings/Schlage Camelot/lock/state"
    command_topic: "smartthings/Schlage Camelot/lock/cmd"
    payload_lock: "LOCK"
    payload_unlock: "UNLOCK"
    state_locked: "locked"
    state_unlocked: "unlocked"
    optimistic: false
    qos: 1
    retain: true